{
  "name": "async_js",
  "version": "1.0.0",
  "lockfileVersion": 2,
  "requires": true,
  "packages": {
    "": {
      "name": "async_js",
      "version": "1.0.0",
      "license": "ISC",
      "devDependencies": {
        "@types/node": "^14.14.34",
        "ws": "^7.4.3"
      }
    },
    "node_modules/@types/node": {
      "version": "14.14.34",
      "resolved": "https://registry.npmjs.org/@types/node/-/node-14.14.34.tgz",
      "integrity": "sha512-dBPaxocOK6UVyvhbnpFIj2W+S+1cBTkHQbFQfeeJhoKFbzYcVUGHvddeWPSucKATb3F0+pgDq0i6ghEaZjsugA==",
      "dev": true
    },
    "node_modules/ws": {
      "version": "7.4.3",
      "resolved": "https://registry.npmjs.org/ws/-/ws-7.4.3.tgz",
      "integrity": "sha512-hr6vCR76GsossIRsr8OLR9acVVm1jyfEWvhbNjtgPOrfvAlKzvyeg/P6r8RuDjRyrcQoPQT7K0DGEPc7Ae6jzA==",
      "dev": true,
      "engines": {
        "node": ">=8.3.0"
      },
      "peerDependencies": {
        "bufferutil": "^4.0.1",
        "utf-8-validate": "^5.0.2"
      },
      "peerDependenciesMeta": {
        "bufferutil": {
          "optional": true
        },
        "utf-8-validate": {
          "optional": true
        }
      }
    }
  },
  "dependencies": {
    "@types/node": {
      "version": "14.14.34",
      "resolved": "https://registry.npmjs.org/@types/node/-/node-14.14.34.tgz",
      "integrity": "sha512-dBPaxocOK6UVyvhbnpFIj2W+S+1cBTkHQbFQfeeJhoKFbzYcVUGHvddeWPSucKATb3F0+pgDq0i6ghEaZjsugA==",
      "dev": true
    },
    "ws": {
      "version": "7.4.3",
      "resolved": "https://registry.npmjs.org/ws/-/ws-7.4.3.tgz",
      "integrity": "sha512-hr6vCR76GsossIRsr8OLR9acVVm1jyfEWvhbNjtgPOrfvAlKzvyeg/P6r8RuDjRyrcQoPQT7K0DGEPc7Ae6jzA==",
      "dev": true,
      "requires": {}
    }
  }
}
